
Microsoft Visual Studio Solution File, Format Version 12.00
# Visual Studio Version 17
VisualStudioVersion = 17.14.36121.58
MinimumVisualStudioVersion = 10.0.40219.1
Project("{FAE04EC0-301F-11D3-BF4B-00C04F79EFBC}") = "DoAn1", "DoAn1\DoAn1.csproj", "{AE17E0C4-D222-4160-BE32-F016F8933FEB}"
EndProject
Global
	GlobalSection(SolutionConfigurationPlatforms) = preSolution
		Debug|Any CPU = Debug|Any CPU
		Release|Any CPU = Release|Any CPU
	EndGlobalSection
	GlobalSection(ProjectConfigurationPlatforms) = postSolution
		{AE17E0C4-D222-4160-BE32-F016F8933FEB}.Debug|Any CPU.ActiveCfg = Debug|Any CPU
		{AE17E0C4-D222-4160-BE32-F016F8933FEB}.Debug|Any CPU.Build.0 = Debug|Any CPU
		{AE17E0C4-D222-4160-BE32-F016F8933FEB}.Release|Any CPU.ActiveCfg = Release|Any CPU
		{AE17E0C4-D222-4160-BE32-F016F8933FEB}.Release|Any CPU.Build.0 = Release|Any CPU
	EndGlobalSection
	GlobalSection(SolutionProperties) = preSolution
		HideSolutionNode = FALSE
	EndGlobalSection
	GlobalSection(ExtensibilityGlobals) = postSolution
		SolutionGuid = {30E6CDA4-8170-474B-875F-29F5C5CA9837}
	EndGlobalSection
EndGlobal
